
Microsoft Visual Studio Solution File, Format Version 12.00
# Visual Studio Version 16
VisualStudioVersion = 16.0.29613.14
MinimumVisualStudioVersion = 10.0.40219.1
Project("{9A19103F-16F7-4668-BE54-9A1E7A4F7556}") = "Data", "Data\Data.csproj", "{C3BFDB18-4ACD-495B-9CCE-675B7A8FD8FE}"
EndProject
Project("{9A19103F-16F7-4668-BE54-9A1E7A4F7556}") = "DataTests", "DataTests\DataTests.csproj", "{157E0096-37C4-4A66-80B0-337D690719F2}"
EndProject
Project("{2150E333-8FDC-42A3-9474-1A3956D46DE8}") = "Solution Items", "Solution Items", "{938FDA09-9346-4837-A3AE-EA1B3485B73F}"
	ProjectSection(SolutionItems) = preProject
		.gitignore = .gitignore
	EndProjectSection
EndProject
Project("{2150E333-8FDC-42A3-9474-1A3956D46DE8}") = "Documentation", "Documentation", "{28B9E9D5-D7DD-431A-818C-1B343F15D54E}"
	ProjectSection(SolutionItems) = preProject
		..\..\..\Downloads\CowboyCafe (1) (1).pdf = ..\..\..\Downloads\CowboyCafe (1) (1).pdf
	EndProjectSection
EndProject
Project("{9A19103F-16F7-4668-BE54-9A1E7A4F7556}") = "PointOfSale", "PointOfSale\PointOfSale.csproj", "{E729A4F7-C3CF-4482-9B6F-19432B466D0C}"
EndProject
Project("{FAE04EC0-301F-11D3-BF4B-00C04F79EFBC}") = "WebsiteNew", "WebsiteNew\WebsiteNew.csproj", "{25E7B464-5C2D-4199-BEAC-C759749A15D3}"
EndProject
Global
	GlobalSection(SolutionConfigurationPlatforms) = preSolution
		Debug|Any CPU = Debug|Any CPU
		Release|Any CPU = Release|Any CPU
	EndGlobalSection
	GlobalSection(ProjectConfigurationPlatforms) = postSolution
		{C3BFDB18-4ACD-495B-9CCE-675B7A8FD8FE}.Debug|Any CPU.ActiveCfg = Debug|Any CPU
		{C3BFDB18-4ACD-495B-9CCE-675B7A8FD8FE}.Debug|Any CPU.Build.0 = Debug|Any CPU
		{C3BFDB18-4ACD-495B-9CCE-675B7A8FD8FE}.Release|Any CPU.ActiveCfg = Release|Any CPU
		{C3BFDB18-4ACD-495B-9CCE-675B7A8FD8FE}.Release|Any CPU.Build.0 = Release|Any CPU
		{157E0096-37C4-4A66-80B0-337D690719F2}.Debug|Any CPU.ActiveCfg = Debug|Any CPU
		{157E0096-37C4-4A66-80B0-337D690719F2}.Debug|Any CPU.Build.0 = Debug|Any CPU
		{157E0096-37C4-4A66-80B0-337D690719F2}.Release|Any CPU.ActiveCfg = Release|Any CPU
		{157E0096-37C4-4A66-80B0-337D690719F2}.Release|Any CPU.Build.0 = Release|Any CPU
		{E729A4F7-C3CF-4482-9B6F-19432B466D0C}.Debug|Any CPU.ActiveCfg = Debug|Any CPU
		{E729A4F7-C3CF-4482-9B6F-19432B466D0C}.Debug|Any CPU.Build.0 = Debug|Any CPU
		{E729A4F7-C3CF-4482-9B6F-19432B466D0C}.Release|Any CPU.ActiveCfg = Release|Any CPU
		{E729A4F7-C3CF-4482-9B6F-19432B466D0C}.Release|Any CPU.Build.0 = Release|Any CPU
		{25E7B464-5C2D-4199-BEAC-C759749A15D3}.Debug|Any CPU.ActiveCfg = Debug|Any CPU
		{25E7B464-5C2D-4199-BEAC-C759749A15D3}.Debug|Any CPU.Build.0 = Debug|Any CPU
		{25E7B464-5C2D-4199-BEAC-C759749A15D3}.Release|Any CPU.ActiveCfg = Release|Any CPU
		{25E7B464-5C2D-4199-BEAC-C759749A15D3}.Release|Any CPU.Build.0 = Release|Any CPU
	EndGlobalSection
	GlobalSection(SolutionProperties) = preSolution
		HideSolutionNode = FALSE
	EndGlobalSection
	GlobalSection(ExtensibilityGlobals) = postSolution
		SolutionGuid = {EF0ECCFA-B4C0-4862-B136-C797D24E1A41}
	EndGlobalSection
EndGlobal
